{
  "name": "friyay",
  "lockfileVersion": 2,
  "requires": true,
  "packages": {
    "": {
      "dependencies": {
        "raty-js": "^4.1.0"
      }
    },
    "node_modules/raty-js": {
      "version": "4.1.0",
      "resolved": "https://registry.npmjs.org/raty-js/-/raty-js-4.1.0.tgz",
      "integrity": "sha512-1mR50kE+/mdOseErh1pb2wRp+yx+FZfVLaeanxbfsxtB6izGquXNPI4XUnQ6u894hY0iKwztDLWG/SJTNHS3eg=="
    }
  },
  "dependencies": {
    "raty-js": {
      "version": "4.1.0",
      "resolved": "https://registry.npmjs.org/raty-js/-/raty-js-4.1.0.tgz",
      "integrity": "sha512-1mR50kE+/mdOseErh1pb2wRp+yx+FZfVLaeanxbfsxtB6izGquXNPI4XUnQ6u894hY0iKwztDLWG/SJTNHS3eg=="
    }
  }
}
